
Microsoft Visual Studio Solution File, Format Version 12.00
# Visual Studio Version 17
VisualStudioVersion = 17.0.31423.177
MinimumVisualStudioVersion = 10.0.40219.1
Project("{2150E333-8FDC-42A3-9474-1A3956D46DE8}") = "Services", "Services", "{D7AB64B4-296A-4192-A8E4-7BDBF88503A7}"
EndProject
Project("{2150E333-8FDC-42A3-9474-1A3956D46DE8}") = "Catalog", "Catalog", "{935A6C5F-3956-471D-BC3E-56DB9273375E}"
EndProject
Project("{9A19103F-16F7-4668-BE54-9A1E7A4F7556}") = "Catalog.API", "Services\Catalog\Catalog.API\Catalog.API.csproj", "{E89E3AB1-702C-4B5F-B91C-C433E82FDA5A}"
EndProject
Project("{E53339B2-1760-4266-BCC7-CA923CBCF16C}") = "docker-compose", "docker-compose.dcproj", "{6CA70459-195D-4069-9A28-813C7FF1B8D8}"
EndProject
Project("{2150E333-8FDC-42A3-9474-1A3956D46DE8}") = "Basket", "Basket", "{F2FCD06E-0DD2-493C-AB18-3838ACF199BE}"
EndProject
Project("{9A19103F-16F7-4668-BE54-9A1E7A4F7556}") = "Basket.API", "Services\Basket\Basket.API\Basket.API.csproj", "{D7E3693D-ADAF-462B-88EE-168F53579F82}"
EndProject
Project("{2150E333-8FDC-42A3-9474-1A3956D46DE8}") = "Discount", "Discount", "{475239E8-DBAA-423A-8922-D2E2EE488C36}"
EndProject
Project("{9A19103F-16F7-4668-BE54-9A1E7A4F7556}") = "Discount.API", "Services\Discount\Discount.API\Discount.API.csproj", "{03ABB740-85B8-4053-B18A-0A30BBAE546F}"
EndProject
Project("{9A19103F-16F7-4668-BE54-9A1E7A4F7556}") = "Discount.Grpc", "Services\Discount\Discount.Grpc\Discount.Grpc.csproj", "{2FADF7F7-C23C-49D1-97F8-8C154710BBB6}"
EndProject
Project("{2150E333-8FDC-42A3-9474-1A3956D46DE8}") = "Ordering", "Ordering", "{B7AFFB90-2D30-4626-9718-3888CE35350C}"
EndProject
Project("{9A19103F-16F7-4668-BE54-9A1E7A4F7556}") = "Ordering.API", "Services\Ordering\Ordering.API\Ordering.API.csproj", "{0E48AF01-CC2E-4E12-A4E4-3ECBB2CEB34E}"
EndProject
Project("{9A19103F-16F7-4668-BE54-9A1E7A4F7556}") = "Ordering.Domain", "Services\Ordering\Ordering.Domain\Ordering.Domain.csproj", "{36AC0C3B-02B2-4612-B16F-A8347CAB4694}"
EndProject
Project("{9A19103F-16F7-4668-BE54-9A1E7A4F7556}") = "Ordering.Infrastructure", "Services\Ordering\Ordering.Infrastructure\Ordering.Infrastructure.csproj", "{36EE5928-3062-4D8F-81AA-F8C35A86CFC1}"
EndProject
Project("{9A19103F-16F7-4668-BE54-9A1E7A4F7556}") = "Ordering.Application", "Services\Ordering\Ordering.Application\Ordering.Application.csproj", "{DFFA5573-FA52-4FAE-A446-69DF1657F0A3}"
EndProject
Project("{2150E333-8FDC-42A3-9474-1A3956D46DE8}") = "BuidingBlocks", "BuidingBlocks", "{7F0921F0-AA81-45C5-B085-FCC8DD5BDBFF}"
EndProject
Project("{FAE04EC0-301F-11D3-BF4B-00C04F79EFBC}") = "Common.Logging", "BuildingBlocks\Common.Logging\Common.Logging.csproj", "{B9C14BB4-2BB8-45D0-B82E-DEE90343E6D2}"
EndProject
Project("{FAE04EC0-301F-11D3-BF4B-00C04F79EFBC}") = "EventBus.Messages", "BuildingBlocks\EventBus.Messages\EventBus.Messages.csproj", "{91B445FC-6FEB-419D-AE53-C7A539BBECBB}"
EndProject
Global
	GlobalSection(SolutionConfigurationPlatforms) = preSolution
		Debug|Any CPU = Debug|Any CPU
		Release|Any CPU = Release|Any CPU
	EndGlobalSection
	GlobalSection(ProjectConfigurationPlatforms) = postSolution
		{E89E3AB1-702C-4B5F-B91C-C433E82FDA5A}.Debug|Any CPU.ActiveCfg = Debug|Any CPU
		{E89E3AB1-702C-4B5F-B91C-C433E82FDA5A}.Debug|Any CPU.Build.0 = Debug|Any CPU
		{E89E3AB1-702C-4B5F-B91C-C433E82FDA5A}.Release|Any CPU.ActiveCfg = Release|Any CPU
		{E89E3AB1-702C-4B5F-B91C-C433E82FDA5A}.Release|Any CPU.Build.0 = Release|Any CPU
		{6CA70459-195D-4069-9A28-813C7FF1B8D8}.Debug|Any CPU.ActiveCfg = Debug|Any CPU
		{6CA70459-195D-4069-9A28-813C7FF1B8D8}.Debug|Any CPU.Build.0 = Debug|Any CPU
		{6CA70459-195D-4069-9A28-813C7FF1B8D8}.Release|Any CPU.ActiveCfg = Release|Any CPU
		{6CA70459-195D-4069-9A28-813C7FF1B8D8}.Release|Any CPU.Build.0 = Release|Any CPU
		{D7E3693D-ADAF-462B-88EE-168F53579F82}.Debug|Any CPU.ActiveCfg = Debug|Any CPU
		{D7E3693D-ADAF-462B-88EE-168F53579F82}.Debug|Any CPU.Build.0 = Debug|Any CPU
		{D7E3693D-ADAF-462B-88EE-168F53579F82}.Release|Any CPU.ActiveCfg = Release|Any CPU
		{D7E3693D-ADAF-462B-88EE-168F53579F82}.Release|Any CPU.Build.0 = Release|Any CPU
		{03ABB740-85B8-4053-B18A-0A30BBAE546F}.Debug|Any CPU.ActiveCfg = Debug|Any CPU
		{03ABB740-85B8-4053-B18A-0A30BBAE546F}.Debug|Any CPU.Build.0 = Debug|Any CPU
		{03ABB740-85B8-4053-B18A-0A30BBAE546F}.Release|Any CPU.ActiveCfg = Release|Any CPU
		{03ABB740-85B8-4053-B18A-0A30BBAE546F}.Release|Any CPU.Build.0 = Release|Any CPU
		{2FADF7F7-C23C-49D1-97F8-8C154710BBB6}.Debug|Any CPU.ActiveCfg = Debug|Any CPU
		{2FADF7F7-C23C-49D1-97F8-8C154710BBB6}.Debug|Any CPU.Build.0 = Debug|Any CPU
		{2FADF7F7-C23C-49D1-97F8-8C154710BBB6}.Release|Any CPU.ActiveCfg = Release|Any CPU
		{2FADF7F7-C23C-49D1-97F8-8C154710BBB6}.Release|Any CPU.Build.0 = Release|Any CPU
		{0E48AF01-CC2E-4E12-A4E4-3ECBB2CEB34E}.Debug|Any CPU.ActiveCfg = Debug|Any CPU
		{0E48AF01-CC2E-4E12-A4E4-3ECBB2CEB34E}.Debug|Any CPU.Build.0 = Debug|Any CPU
		{0E48AF01-CC2E-4E12-A4E4-3ECBB2CEB34E}.Release|Any CPU.ActiveCfg = Release|Any CPU
		{0E48AF01-CC2E-4E12-A4E4-3ECBB2CEB34E}.Release|Any CPU.Build.0 = Release|Any CPU
		{36AC0C3B-02B2-4612-B16F-A8347CAB4694}.Debug|Any CPU.ActiveCfg = Debug|Any CPU
		{36AC0C3B-02B2-4612-B16F-A8347CAB4694}.Debug|Any CPU.Build.0 = Debug|Any CPU
		{36AC0C3B-02B2-4612-B16F-A8347CAB4694}.Release|Any CPU.ActiveCfg = Release|Any CPU
		{36AC0C3B-02B2-4612-B16F-A8347CAB4694}.Release|Any CPU.Build.0 = Release|Any CPU
		{36EE5928-3062-4D8F-81AA-F8C35A86CFC1}.Debug|Any CPU.ActiveCfg = Debug|Any CPU
		{36EE5928-3062-4D8F-81AA-F8C35A86CFC1}.Debug|Any CPU.Build.0 = Debug|Any CPU
		{36EE5928-3062-4D8F-81AA-F8C35A86CFC1}.Release|Any CPU.ActiveCfg = Release|Any CPU
		{36EE5928-3062-4D8F-81AA-F8C35A86CFC1}.Release|Any CPU.Build.0 = Release|Any CPU
		{DFFA5573-FA52-4FAE-A446-69DF1657F0A3}.Debug|Any CPU.ActiveCfg = Debug|Any CPU
		{DFFA5573-FA52-4FAE-A446-69DF1657F0A3}.Debug|Any CPU.Build.0 = Debug|Any CPU
		{DFFA5573-FA52-4FAE-A446-69DF1657F0A3}.Release|Any CPU.ActiveCfg = Release|Any CPU
		{DFFA5573-FA52-4FAE-A446-69DF1657F0A3}.Release|Any CPU.Build.0 = Release|Any CPU
		{B9C14BB4-2BB8-45D0-B82E-DEE90343E6D2}.Debug|Any CPU.ActiveCfg = Debug|Any CPU
		{B9C14BB4-2BB8-45D0-B82E-DEE90343E6D2}.Debug|Any CPU.Build.0 = Debug|Any CPU
		{B9C14BB4-2BB8-45D0-B82E-DEE90343E6D2}.Release|Any CPU.ActiveCfg = Release|Any CPU
		{B9C14BB4-2BB8-45D0-B82E-DEE90343E6D2}.Release|Any CPU.Build.0 = Release|Any CPU
		{91B445FC-6FEB-419D-AE53-C7A539BBECBB}.Debug|Any CPU.ActiveCfg = Debug|Any CPU
		{91B445FC-6FEB-419D-AE53-C7A539BBECBB}.Debug|Any CPU.Build.0 = Debug|Any CPU
		{91B445FC-6FEB-419D-AE53-C7A539BBECBB}.Release|Any CPU.ActiveCfg = Release|Any CPU
		{91B445FC-6FEB-419D-AE53-C7A539BBECBB}.Release|Any CPU.Build.0 = Release|Any CPU
	EndGlobalSection
	GlobalSection(SolutionProperties) = preSolution
		HideSolutionNode = FALSE
	EndGlobalSection
	GlobalSection(NestedProjects) = preSolution
		{935A6C5F-3956-471D-BC3E-56DB9273375E} = {D7AB64B4-296A-4192-A8E4-7BDBF88503A7}
		{E89E3AB1-702C-4B5F-B91C-C433E82FDA5A} = {935A6C5F-3956-471D-BC3E-56DB9273375E}
		{F2FCD06E-0DD2-493C-AB18-3838ACF199BE} = {D7AB64B4-296A-4192-A8E4-7BDBF88503A7}
		{D7E3693D-ADAF-462B-88EE-168F53579F82} = {F2FCD06E-0DD2-493C-AB18-3838ACF199BE}
		{475239E8-DBAA-423A-8922-D2E2EE488C36} = {D7AB64B4-296A-4192-A8E4-7BDBF88503A7}
		{03ABB740-85B8-4053-B18A-0A30BBAE546F} = {475239E8-DBAA-423A-8922-D2E2EE488C36}
		{2FADF7F7-C23C-49D1-97F8-8C154710BBB6} = {475239E8-DBAA-423A-8922-D2E2EE488C36}
		{B7AFFB90-2D30-4626-9718-3888CE35350C} = {D7AB64B4-296A-4192-A8E4-7BDBF88503A7}
		{0E48AF01-CC2E-4E12-A4E4-3ECBB2CEB34E} = {B7AFFB90-2D30-4626-9718-3888CE35350C}
		{36AC0C3B-02B2-4612-B16F-A8347CAB4694} = {B7AFFB90-2D30-4626-9718-3888CE35350C}
		{36EE5928-3062-4D8F-81AA-F8C35A86CFC1} = {B7AFFB90-2D30-4626-9718-3888CE35350C}
		{DFFA5573-FA52-4FAE-A446-69DF1657F0A3} = {B7AFFB90-2D30-4626-9718-3888CE35350C}
		{B9C14BB4-2BB8-45D0-B82E-DEE90343E6D2} = {7F0921F0-AA81-45C5-B085-FCC8DD5BDBFF}
		{91B445FC-6FEB-419D-AE53-C7A539BBECBB} = {7F0921F0-AA81-45C5-B085-FCC8DD5BDBFF}
	EndGlobalSection
	GlobalSection(ExtensibilityGlobals) = postSolution
		SolutionGuid = {A66440AF-910E-4DB1-99C9-E2F337DE4A38}
	EndGlobalSection
EndGlobal
