
Microsoft Visual Studio Solution File, Format Version 12.00
# Visual Studio Version 17
VisualStudioVersion = 17.0.31423.177
MinimumVisualStudioVersion = 10.0.40219.1
Project("{2150E333-8FDC-42A3-9474-1A3956D46DE8}") = "Services", "Services", "{D7AB64B4-296A-4192-A8E4-7BDBF88503A7}"
EndProject
Project("{2150E333-8FDC-42A3-9474-1A3956D46DE8}") = "Catalog", "Catalog", "{935A6C5F-3956-471D-BC3E-56DB9273375E}"
EndProject
Project("{9A19103F-16F7-4668-BE54-9A1E7A4F7556}") = "Catalog.API", "Services\Catalog\Catalog.API\Catalog.API.csproj", "{E89E3AB1-702C-4B5F-B91C-C433E82FDA5A}"
EndProject
Project("{E53339B2-1760-4266-BCC7-CA923CBCF16C}") = "docker-compose", "docker-compose.dcproj", "{6CA70459-195D-4069-9A28-813C7FF1B8D8}"
EndProject
Global
	GlobalSection(SolutionConfigurationPlatforms) = preSolution
		Debug|Any CPU = Debug|Any CPU
		Release|Any CPU = Release|Any CPU
	EndGlobalSection
	GlobalSection(ProjectConfigurationPlatforms) = postSolution
		{E89E3AB1-702C-4B5F-B91C-C433E82FDA5A}.Debug|Any CPU.ActiveCfg = Debug|Any CPU
		{E89E3AB1-702C-4B5F-B91C-C433E82FDA5A}.Debug|Any CPU.Build.0 = Debug|Any CPU
		{E89E3AB1-702C-4B5F-B91C-C433E82FDA5A}.Release|Any CPU.ActiveCfg = Release|Any CPU
		{E89E3AB1-702C-4B5F-B91C-C433E82FDA5A}.Release|Any CPU.Build.0 = Release|Any CPU
		{6CA70459-195D-4069-9A28-813C7FF1B8D8}.Debug|Any CPU.ActiveCfg = Debug|Any CPU
		{6CA70459-195D-4069-9A28-813C7FF1B8D8}.Debug|Any CPU.Build.0 = Debug|Any CPU
		{6CA70459-195D-4069-9A28-813C7FF1B8D8}.Release|Any CPU.ActiveCfg = Release|Any CPU
		{6CA70459-195D-4069-9A28-813C7FF1B8D8}.Release|Any CPU.Build.0 = Release|Any CPU
	EndGlobalSection
	GlobalSection(SolutionProperties) = preSolution
		HideSolutionNode = FALSE
	EndGlobalSection
	GlobalSection(NestedProjects) = preSolution
		{935A6C5F-3956-471D-BC3E-56DB9273375E} = {D7AB64B4-296A-4192-A8E4-7BDBF88503A7}
		{E89E3AB1-702C-4B5F-B91C-C433E82FDA5A} = {935A6C5F-3956-471D-BC3E-56DB9273375E}
	EndGlobalSection
	GlobalSection(ExtensibilityGlobals) = postSolution
		SolutionGuid = {A66440AF-910E-4DB1-99C9-E2F337DE4A38}
	EndGlobalSection
EndGlobal
